{
  "pins" : [
    {
      "identity" : "halfasheet",
      "kind" : "remoteSourceControl",
      "location" : "https://github.com/franklynw/HalfASheet",
      "state" : {
        "branch" : "develop",
        "revision" : "5d1ade1157f87c4f922f4aa1af318f53fa1a3764"
      }
    },
    {
      "identity" : "swiftui-fab",
      "kind" : "remoteSourceControl",
      "location" : "https://github.com/karamage/SwiftUI-FAB.git",
      "state" : {
        "revision" : "b11cb42d27ff29f7f98e8b774a857c63d37bfb6f",
        "version" : "0.1.0"
      }
    },
    {
      "identity" : "trackable-scroll-view",
      "kind" : "remoteSourceControl",
      "location" : "https://github.com/maxnatchanon/trackable-scroll-view",
      "state" : {
        "branch" : "master",
        "revision" : "4b094575c2370c3341d0b377a27b46bda4f937f7"
      }
    }
  ],
  "version" : 2
}
