// !$*UTF8*$!
{
	archiveVersion = 1;
	classes = {
	};
	objectVersion = 55;
	objects = {

/* Begin PBXBuildFile section */
		EF083A202838B8EA005A644A /* AlarmView.swift in Sources */ = {isa = PBXBuildFile; fileRef = EF083A1F2838B8EA005A644A /* AlarmView.swift */; };
		EF083A212838B8EA005A644A /* AlarmView.swift in Sources */ = {isa = PBXBuildFile; fileRef = EF083A1F2838B8EA005A644A /* AlarmView.swift */; };
		EF53BD002839355500BFA887 /* LucifyTests.swift in Sources */ = {isa = PBXBuildFile; fileRef = EF53BCFF2839355500BFA887 /* LucifyTests.swift */; };
		EF6667322832A7BB008945EE /* LucifyApp.swift in Sources */ = {isa = PBXBuildFile; fileRef = EF66670A2832A7B9008945EE /* LucifyApp.swift */; };
		EF6667332832A7BB008945EE /* LucifyApp.swift in Sources */ = {isa = PBXBuildFile; fileRef = EF66670A2832A7B9008945EE /* LucifyApp.swift */; };
		EF6667342832A7BB008945EE /* ContentView.swift in Sources */ = {isa = PBXBuildFile; fileRef = EF66670B2832A7B9008945EE /* ContentView.swift */; };
		EF6667352832A7BB008945EE /* ContentView.swift in Sources */ = {isa = PBXBuildFile; fileRef = EF66670B2832A7B9008945EE /* ContentView.swift */; };
		EF6667362832A7BB008945EE /* Assets.xcassets in Resources */ = {isa = PBXBuildFile; fileRef = EF66670C2832A7BB008945EE /* Assets.xcassets */; };
		EF6667372832A7BB008945EE /* Assets.xcassets in Resources */ = {isa = PBXBuildFile; fileRef = EF66670C2832A7BB008945EE /* Assets.xcassets */; };
		EF6667472832AA97008945EE /* AlarmManager.swift in Sources */ = {isa = PBXBuildFile; fileRef = EF6667462832AA97008945EE /* AlarmManager.swift */; };
		EF6667482832AA97008945EE /* AlarmManager.swift in Sources */ = {isa = PBXBuildFile; fileRef = EF6667462832AA97008945EE /* AlarmManager.swift */; };
		EF66674E2832B42A008945EE /* scifi.mp3 in Resources */ = {isa = PBXBuildFile; fileRef = EF66674D2832B42A008945EE /* scifi.mp3 */; };
		EF66674F2832B42A008945EE /* scifi.mp3 in Resources */ = {isa = PBXBuildFile; fileRef = EF66674D2832B42A008945EE /* scifi.mp3 */; };
/* End PBXBuildFile section */

/* Begin PBXContainerItemProxy section */
		EF53BD012839355500BFA887 /* PBXContainerItemProxy */ = {
			isa = PBXContainerItemProxy;
			containerPortal = EF6667052832A7B9008945EE /* Project object */;
			proxyType = 1;
			remoteGlobalIDString = EF6667102832A7BB008945EE;
			remoteInfo = "Lucify (iOS)";
		};
/* End PBXContainerItemProxy section */

/* Begin PBXFileReference section */
		EF083A1F2838B8EA005A644A /* AlarmView.swift */ = {isa = PBXFileReference; lastKnownFileType = sourcecode.swift; path = AlarmView.swift; sourceTree = "<group>"; };
		EF53BCFD2839355500BFA887 /* LucifyTests.xctest */ = {isa = PBXFileReference; explicitFileType = wrapper.cfbundle; includeInIndex = 0; path = LucifyTests.xctest; sourceTree = BUILT_PRODUCTS_DIR; };
		EF53BCFF2839355500BFA887 /* LucifyTests.swift */ = {isa = PBXFileReference; lastKnownFileType = sourcecode.swift; path = LucifyTests.swift; sourceTree = "<group>"; };
		EF66670A2832A7B9008945EE /* LucifyApp.swift */ = {isa = PBXFileReference; lastKnownFileType = sourcecode.swift; path = LucifyApp.swift; sourceTree = "<group>"; };
		EF66670B2832A7B9008945EE /* ContentView.swift */ = {isa = PBXFileReference; lastKnownFileType = sourcecode.swift; path = ContentView.swift; sourceTree = "<group>"; };
		EF66670C2832A7BB008945EE /* Assets.xcassets */ = {isa = PBXFileReference; lastKnownFileType = folder.assetcatalog; path = Assets.xcassets; sourceTree = "<group>"; };
		EF6667112832A7BB008945EE /* Lucify.app */ = {isa = PBXFileReference; explicitFileType = wrapper.application; includeInIndex = 0; path = Lucify.app; sourceTree = BUILT_PRODUCTS_DIR; };
		EF6667172832A7BB008945EE /* Lucify.app */ = {isa = PBXFileReference; explicitFileType = wrapper.application; includeInIndex = 0; path = Lucify.app; sourceTree = BUILT_PRODUCTS_DIR; };
		EF6667192832A7BB008945EE /* macOS.entitlements */ = {isa = PBXFileReference; lastKnownFileType = text.plist.entitlements; path = macOS.entitlements; sourceTree = "<group>"; };
		EF6667462832AA97008945EE /* AlarmManager.swift */ = {isa = PBXFileReference; lastKnownFileType = sourcecode.swift; path = AlarmManager.swift; sourceTree = "<group>"; };
		EF66674D2832B42A008945EE /* scifi.mp3 */ = {isa = PBXFileReference; lastKnownFileType = audio.mp3; path = scifi.mp3; sourceTree = "<group>"; };
		EF6667512832B54D008945EE /* AVFoundation.framework */ = {isa = PBXFileReference; lastKnownFileType = wrapper.framework; name = AVFoundation.framework; path = Platforms/iPhoneOS.platform/Developer/SDKs/iPhoneOS15.4.sdk/System/Library/Frameworks/AVFoundation.framework; sourceTree = DEVELOPER_DIR; };
/* End PBXFileReference section */

/* Begin PBXFrameworksBuildPhase section */
		EF53BCFA2839355500BFA887 /* Frameworks */ = {
			isa = PBXFrameworksBuildPhase;
			buildActionMask = 2147483647;
			files = (
			);
			runOnlyForDeploymentPostprocessing = 0;
		};
		EF66670E2832A7BB008945EE /* Frameworks */ = {
			isa = PBXFrameworksBuildPhase;
			buildActionMask = 2147483647;
			files = (
			);
			runOnlyForDeploymentPostprocessing = 0;
		};
		EF6667142832A7BB008945EE /* Frameworks */ = {
			isa = PBXFrameworksBuildPhase;
			buildActionMask = 2147483647;
			files = (
			);
			runOnlyForDeploymentPostprocessing = 0;
		};
/* End PBXFrameworksBuildPhase section */

/* Begin PBXGroup section */
		EF53BCFE2839355500BFA887 /* LucifyTests */ = {
			isa = PBXGroup;
			children = (
				EF53BCFF2839355500BFA887 /* LucifyTests.swift */,
			);
			path = LucifyTests;
			sourceTree = "<group>";
		};
		EF6667042832A7B9008945EE = {
			isa = PBXGroup;
			children = (
				EF6667492832ADD1008945EE /* Assets */,
				EF6667092832A7B9008945EE /* Shared */,
				EF6667182832A7BB008945EE /* macOS */,
				EF53BCFE2839355500BFA887 /* LucifyTests */,
				EF6667122832A7BB008945EE /* Products */,
				EF6667502832B54D008945EE /* Frameworks */,
			);
			sourceTree = "<group>";
		};
		EF6667092832A7B9008945EE /* Shared */ = {
			isa = PBXGroup;
			children = (
				EF66670A2832A7B9008945EE /* LucifyApp.swift */,
				EF66670B2832A7B9008945EE /* ContentView.swift */,
				EF66670C2832A7BB008945EE /* Assets.xcassets */,
				EF6667462832AA97008945EE /* AlarmManager.swift */,
				EF083A1F2838B8EA005A644A /* AlarmView.swift */,
			);
			path = Shared;
			sourceTree = "<group>";
		};
		EF6667122832A7BB008945EE /* Products */ = {
			isa = PBXGroup;
			children = (
				EF6667112832A7BB008945EE /* Lucify.app */,
				EF6667172832A7BB008945EE /* Lucify.app */,
				EF53BCFD2839355500BFA887 /* LucifyTests.xctest */,
			);
			name = Products;
			sourceTree = "<group>";
		};
		EF6667182832A7BB008945EE /* macOS */ = {
			isa = PBXGroup;
			children = (
				EF6667192832A7BB008945EE /* macOS.entitlements */,
			);
			path = macOS;
			sourceTree = "<group>";
		};
		EF6667492832ADD1008945EE /* Assets */ = {
			isa = PBXGroup;
			children = (
				EF66674D2832B42A008945EE /* scifi.mp3 */,
			);
			path = Assets;
			sourceTree = "<group>";
		};
		EF6667502832B54D008945EE /* Frameworks */ = {
			isa = PBXGroup;
			children = (
				EF6667512832B54D008945EE /* AVFoundation.framework */,
			);
			name = Frameworks;
			sourceTree = "<group>";
		};
/* End PBXGroup section */

/* Begin PBXNativeTarget section */
		EF53BCFC2839355500BFA887 /* LucifyTests */ = {
			isa = PBXNativeTarget;
			buildConfigurationList = EF53BD052839355500BFA887 /* Build configuration list for PBXNativeTarget "LucifyTests" */;
			buildPhases = (
				EF53BCF92839355500BFA887 /* Sources */,
				EF53BCFA2839355500BFA887 /* Frameworks */,
				EF53BCFB2839355500BFA887 /* Resources */,
			);
			buildRules = (
			);
			dependencies = (
				EF53BD022839355500BFA887 /* PBXTargetDependency */,
			);
			name = LucifyTests;
			productName = LucifyTests;
			productReference = EF53BCFD2839355500BFA887 /* LucifyTests.xctest */;
			productType = "com.apple.product-type.bundle.unit-test";
		};
		EF6667102832A7BB008945EE /* Lucify (iOS) */ = {
			isa = PBXNativeTarget;
			buildConfigurationList = EF66673A2832A7BB008945EE /* Build configuration list for PBXNativeTarget "Lucify (iOS)" */;
			buildPhases = (
				EF66670D2832A7BB008945EE /* Sources */,
				EF66670E2832A7BB008945EE /* Frameworks */,
				EF66670F2832A7BB008945EE /* Resources */,
			);
			buildRules = (
			);
			dependencies = (
			);
			name = "Lucify (iOS)";
			productName = "Lucify (iOS)";
			productReference = EF6667112832A7BB008945EE /* Lucify.app */;
			productType = "com.apple.product-type.application";
		};
		EF6667162832A7BB008945EE /* Lucify (macOS) */ = {
			isa = PBXNativeTarget;
			buildConfigurationList = EF66673D2832A7BB008945EE /* Build configuration list for PBXNativeTarget "Lucify (macOS)" */;
			buildPhases = (
				EF6667132832A7BB008945EE /* Sources */,
				EF6667142832A7BB008945EE /* Frameworks */,
				EF6667152832A7BB008945EE /* Resources */,
			);
			buildRules = (
			);
			dependencies = (
			);
			name = "Lucify (macOS)";
			productName = "Lucify (macOS)";
			productReference = EF6667172832A7BB008945EE /* Lucify.app */;
			productType = "com.apple.product-type.application";
		};
/* End PBXNativeTarget section */

/* Begin PBXProject section */
		EF6667052832A7B9008945EE /* Project object */ = {
			isa = PBXProject;
			attributes = {
				BuildIndependentTargetsInParallel = 1;
				LastSwiftUpdateCheck = 1330;
				LastUpgradeCheck = 1330;
				TargetAttributes = {
					EF53BCFC2839355500BFA887 = {
						CreatedOnToolsVersion = 13.3;
						TestTargetID = EF6667102832A7BB008945EE;
					};
					EF6667102832A7BB008945EE = {
						CreatedOnToolsVersion = 13.3;
					};
					EF6667162832A7BB008945EE = {
						CreatedOnToolsVersion = 13.3;
					};
				};
			};
			buildConfigurationList = EF6667082832A7B9008945EE /* Build configuration list for PBXProject "Lucify" */;
			compatibilityVersion = "Xcode 13.0";
			developmentRegion = en;
			hasScannedForEncodings = 0;
			knownRegions = (
				en,
				Base,
			);
			mainGroup = EF6667042832A7B9008945EE;
			productRefGroup = EF6667122832A7BB008945EE /* Products */;
			projectDirPath = "";
			projectRoot = "";
			targets = (
				EF6667102832A7BB008945EE /* Lucify (iOS) */,
				EF6667162832A7BB008945EE /* Lucify (macOS) */,
				EF53BCFC2839355500BFA887 /* LucifyTests */,
			);
		};
/* End PBXProject section */

/* Begin PBXResourcesBuildPhase section */
		EF53BCFB2839355500BFA887 /* Resources */ = {
			isa = PBXResourcesBuildPhase;
			buildActionMask = 2147483647;
			files = (
			);
			runOnlyForDeploymentPostprocessing = 0;
		};
		EF66670F2832A7BB008945EE /* Resources */ = {
			isa = PBXResourcesBuildPhase;
			buildActionMask = 2147483647;
			files = (
				EF6667362832A7BB008945EE /* Assets.xcassets in Resources */,
				EF66674E2832B42A008945EE /* scifi.mp3 in Resources */,
			);
			runOnlyForDeploymentPostprocessing = 0;
		};
		EF6667152832A7BB008945EE /* Resources */ = {
			isa = PBXResourcesBuildPhase;
			buildActionMask = 2147483647;
			files = (
				EF6667372832A7BB008945EE /* Assets.xcassets in Resources */,
				EF66674F2832B42A008945EE /* scifi.mp3 in Resources */,
			);
			runOnlyForDeploymentPostprocessing = 0;
		};
/* End PBXResourcesBuildPhase section */

/* Begin PBXSourcesBuildPhase section */
		EF53BCF92839355500BFA887 /* Sources */ = {
			isa = PBXSourcesBuildPhase;
			buildActionMask = 2147483647;
			files = (
				EF53BD002839355500BFA887 /* LucifyTests.swift in Sources */,
			);
			runOnlyForDeploymentPostprocessing = 0;
		};
		EF66670D2832A7BB008945EE /* Sources */ = {
			isa = PBXSourcesBuildPhase;
			buildActionMask = 2147483647;
			files = (
				EF6667342832A7BB008945EE /* ContentView.swift in Sources */,
				EF6667322832A7BB008945EE /* LucifyApp.swift in Sources */,
				EF083A202838B8EA005A644A /* AlarmView.swift in Sources */,
				EF6667472832AA97008945EE /* AlarmManager.swift in Sources */,
			);
			runOnlyForDeploymentPostprocessing = 0;
		};
		EF6667132832A7BB008945EE /* Sources */ = {
			isa = PBXSourcesBuildPhase;
			buildActionMask = 2147483647;
			files = (
				EF6667352832A7BB008945EE /* ContentView.swift in Sources */,
				EF6667332832A7BB008945EE /* LucifyApp.swift in Sources */,
				EF083A212838B8EA005A644A /* AlarmView.swift in Sources */,
				EF6667482832AA97008945EE /* AlarmManager.swift in Sources */,
			);
			runOnlyForDeploymentPostprocessing = 0;
		};
/* End PBXSourcesBuildPhase section */

/* Begin PBXTargetDependency section */
		EF53BD022839355500BFA887 /* PBXTargetDependency */ = {
			isa = PBXTargetDependency;
			target = EF6667102832A7BB008945EE /* Lucify (iOS) */;
			targetProxy = EF53BD012839355500BFA887 /* PBXContainerItemProxy */;
		};
/* End PBXTargetDependency section */

/* Begin XCBuildConfiguration section */
		EF53BD032839355500BFA887 /* Debug */ = {
			isa = XCBuildConfiguration;
			buildSettings = {
				BUNDLE_LOADER = "$(TEST_HOST)";
				CODE_SIGN_STYLE = Automatic;
				CURRENT_PROJECT_VERSION = 1;
				DEVELOPMENT_TEAM = H668GR94H6;
				GENERATE_INFOPLIST_FILE = YES;
				IPHONEOS_DEPLOYMENT_TARGET = 15.4;
				MARKETING_VERSION = 1.0;
				PRODUCT_BUNDLE_IDENTIFIER = patri.LucifyTests;
				PRODUCT_NAME = "$(TARGET_NAME)";
				SDKROOT = iphoneos;
				SWIFT_EMIT_LOC_STRINGS = NO;
				SWIFT_VERSION = 5.0;
				TARGETED_DEVICE_FAMILY = "1,2";
				TEST_HOST = "$(BUILT_PRODUCTS_DIR)/Lucify.app/Lucify";
			};
			name = Debug;
		};
		EF53BD042839355500BFA887 /* Release */ = {
			isa = XCBuildConfiguration;
			buildSettings = {
				BUNDLE_LOADER = "$(TEST_HOST)";
				CODE_SIGN_STYLE = Automatic;
				CURRENT_PROJECT_VERSION = 1;
				DEVELOPMENT_TEAM = H668GR94H6;
				GENERATE_INFOPLIST_FILE = YES;
				IPHONEOS_DEPLOYMENT_TARGET = 15.4;
				MARKETING_VERSION = 1.0;
				PRODUCT_BUNDLE_IDENTIFIER = patri.LucifyTests;
				PRODUCT_NAME = "$(TARGET_NAME)";
				SDKROOT = iphoneos;
				SWIFT_EMIT_LOC_STRINGS = NO;
				SWIFT_VERSION = 5.0;
				TARGETED_DEVICE_FAMILY = "1,2";
				TEST_HOST = "$(BUILT_PRODUCTS_DIR)/Lucify.app/Lucify";
				VALIDATE_PRODUCT = YES;
			};
			name = Release;
		};
		EF6667382832A7BB008945EE /* Debug */ = {
			isa = XCBuildConfiguration;
			buildSettings = {
				ALWAYS_SEARCH_USER_PATHS = NO;
				CLANG_ANALYZER_NONNULL = YES;
				CLANG_ANALYZER_NUMBER_OBJECT_CONVERSION = YES_AGGRESSIVE;
				CLANG_CXX_LANGUAGE_STANDARD = "gnu++17";
				CLANG_ENABLE_MODULES = YES;
				CLANG_ENABLE_OBJC_ARC = YES;
				CLANG_ENABLE_OBJC_WEAK = YES;
				CLANG_WARN_BLOCK_CAPTURE_AUTORELEASING = YES;
				CLANG_WARN_BOOL_CONVERSION = YES;
				CLANG_WARN_COMMA = YES;
				CLANG_WARN_CONSTANT_CONVERSION = YES;
				CLANG_WARN_DEPRECATED_OBJC_IMPLEMENTATIONS = YES;
				CLANG_WARN_DIRECT_OBJC_ISA_USAGE = YES_ERROR;
				CLANG_WARN_DOCUMENTATION_COMMENTS = YES;
				CLANG_WARN_EMPTY_BODY = YES;
				CLANG_WARN_ENUM_CONVERSION = YES;
				CLANG_WARN_INFINITE_RECURSION = YES;
				CLANG_WARN_INT_CONVERSION = YES;
				CLANG_WARN_NON_LITERAL_NULL_CONVERSION = YES;
				CLANG_WARN_OBJC_IMPLICIT_RETAIN_SELF = YES;
				CLANG_WARN_OBJC_LITERAL_CONVERSION = YES;
				CLANG_WARN_OBJC_ROOT_CLASS = YES_ERROR;
				CLANG_WARN_QUOTED_INCLUDE_IN_FRAMEWORK_HEADER = YES;
				CLANG_WARN_RANGE_LOOP_ANALYSIS = YES;
				CLANG_WARN_STRICT_PROTOTYPES = YES;
				CLANG_WARN_SUSPICIOUS_MOVE = YES;
				CLANG_WARN_UNGUARDED_AVAILABILITY = YES_AGGRESSIVE;
				CLANG_WARN_UNREACHABLE_CODE = YES;
				CLANG_WARN__DUPLICATE_METHOD_MATCH = YES;
				COPY_PHASE_STRIP = NO;
				DEBUG_INFORMATION_FORMAT = dwarf;
				ENABLE_STRICT_OBJC_MSGSEND = YES;
				ENABLE_TESTABILITY = YES;
				GCC_C_LANGUAGE_STANDARD = gnu11;
				GCC_DYNAMIC_NO_PIC = NO;
				GCC_NO_COMMON_BLOCKS = YES;
				GCC_OPTIMIZATION_LEVEL = 0;
				GCC_PREPROCESSOR_DEFINITIONS = (
					"DEBUG=1",
					"$(inherited)",
				);
				GCC_WARN_64_TO_32_BIT_CONVERSION = YES;
				GCC_WARN_ABOUT_RETURN_TYPE = YES_ERROR;
				GCC_WARN_UNDECLARED_SELECTOR = YES;
				GCC_WARN_UNINITIALIZED_AUTOS = YES_AGGRESSIVE;
				GCC_WARN_UNUSED_FUNCTION = YES;
				GCC_WARN_UNUSED_VARIABLE = YES;
				MTL_ENABLE_DEBUG_INFO = INCLUDE_SOURCE;
				MTL_FAST_MATH = YES;
				ONLY_ACTIVE_ARCH = YES;
				SWIFT_ACTIVE_COMPILATION_CONDITIONS = DEBUG;
				SWIFT_OPTIMIZATION_LEVEL = "-Onone";
			};
			name = Debug;
		};
		EF6667392832A7BB008945EE /* Release */ = {
			isa = XCBuildConfiguration;
			buildSettings = {
				ALWAYS_SEARCH_USER_PATHS = NO;
				CLANG_ANALYZER_NONNULL = YES;
				CLANG_ANALYZER_NUMBER_OBJECT_CONVERSION = YES_AGGRESSIVE;
				CLANG_CXX_LANGUAGE_STANDARD = "gnu++17";
				CLANG_ENABLE_MODULES = YES;
				CLANG_ENABLE_OBJC_ARC = YES;
				CLANG_ENABLE_OBJC_WEAK = YES;
				CLANG_WARN_BLOCK_CAPTURE_AUTORELEASING = YES;
				CLANG_WARN_BOOL_CONVERSION = YES;
				CLANG_WARN_COMMA = YES;
				CLANG_WARN_CONSTANT_CONVERSION = YES;
				CLANG_WARN_DEPRECATED_OBJC_IMPLEMENTATIONS = YES;
				CLANG_WARN_DIRECT_OBJC_ISA_USAGE = YES_ERROR;
				CLANG_WARN_DOCUMENTATION_COMMENTS = YES;
				CLANG_WARN_EMPTY_BODY = YES;
				CLANG_WARN_ENUM_CONVERSION = YES;
				CLANG_WARN_INFINITE_RECURSION = YES;
				CLANG_WARN_INT_CONVERSION = YES;
				CLANG_WARN_NON_LITERAL_NULL_CONVERSION = YES;
				CLANG_WARN_OBJC_IMPLICIT_RETAIN_SELF = YES;
				CLANG_WARN_OBJC_LITERAL_CONVERSION = YES;
				CLANG_WARN_OBJC_ROOT_CLASS = YES_ERROR;
				CLANG_WARN_QUOTED_INCLUDE_IN_FRAMEWORK_HEADER = YES;
				CLANG_WARN_RANGE_LOOP_ANALYSIS = YES;
				CLANG_WARN_STRICT_PROTOTYPES = YES;
				CLANG_WARN_SUSPICIOUS_MOVE = YES;
				CLANG_WARN_UNGUARDED_AVAILABILITY = YES_AGGRESSIVE;
				CLANG_WARN_UNREACHABLE_CODE = YES;
				CLANG_WARN__DUPLICATE_METHOD_MATCH = YES;
				COPY_PHASE_STRIP = NO;
				DEBUG_INFORMATION_FORMAT = "dwarf-with-dsym";
				ENABLE_NS_ASSERTIONS = NO;
				ENABLE_STRICT_OBJC_MSGSEND = YES;
				GCC_C_LANGUAGE_STANDARD = gnu11;
				GCC_NO_COMMON_BLOCKS = YES;
				GCC_WARN_64_TO_32_BIT_CONVERSION = YES;
				GCC_WARN_ABOUT_RETURN_TYPE = YES_ERROR;
				GCC_WARN_UNDECLARED_SELECTOR = YES;
				GCC_WARN_UNINITIALIZED_AUTOS = YES_AGGRESSIVE;
				GCC_WARN_UNUSED_FUNCTION = YES;
				GCC_WARN_UNUSED_VARIABLE = YES;
				MTL_ENABLE_DEBUG_INFO = NO;
				MTL_FAST_MATH = YES;
				SWIFT_COMPILATION_MODE = wholemodule;
				SWIFT_OPTIMIZATION_LEVEL = "-O";
			};
			name = Release;
		};
		EF66673B2832A7BB008945EE /* Debug */ = {
			isa = XCBuildConfiguration;
			buildSettings = {
				ASSETCATALOG_COMPILER_APPICON_NAME = AppIcon;
				ASSETCATALOG_COMPILER_GLOBAL_ACCENT_COLOR_NAME = AccentColor;
				CODE_SIGN_STYLE = Automatic;
				CURRENT_PROJECT_VERSION = 1;
				DEVELOPMENT_TEAM = H668GR94H6;
				ENABLE_PREVIEWS = YES;
				GENERATE_INFOPLIST_FILE = YES;
				INFOPLIST_KEY_UIApplicationSceneManifest_Generation = YES;
				INFOPLIST_KEY_UIApplicationSupportsIndirectInputEvents = YES;
				INFOPLIST_KEY_UILaunchScreen_Generation = YES;
				INFOPLIST_KEY_UISupportedInterfaceOrientations_iPad = "UIInterfaceOrientationPortrait UIInterfaceOrientationPortraitUpsideDown UIInterfaceOrientationLandscapeLeft UIInterfaceOrientationLandscapeRight";
				INFOPLIST_KEY_UISupportedInterfaceOrientations_iPhone = "UIInterfaceOrientationPortrait UIInterfaceOrientationLandscapeLeft UIInterfaceOrientationLandscapeRight";
				IPHONEOS_DEPLOYMENT_TARGET = 15.4;
				LD_RUNPATH_SEARCH_PATHS = (
					"$(inherited)",
					"@executable_path/Frameworks",
				);
				MARKETING_VERSION = 1.0;
				PRODUCT_BUNDLE_IDENTIFIER = patri.Lucify;
				PRODUCT_NAME = Lucify;
				SDKROOT = iphoneos;
				SWIFT_EMIT_LOC_STRINGS = YES;
				SWIFT_VERSION = 5.0;
				TARGETED_DEVICE_FAMILY = "1,2";
			};
			name = Debug;
		};
		EF66673C2832A7BB008945EE /* Release */ = {
			isa = XCBuildConfiguration;
			buildSettings = {
				ASSETCATALOG_COMPILER_APPICON_NAME = AppIcon;
				ASSETCATALOG_COMPILER_GLOBAL_ACCENT_COLOR_NAME = AccentColor;
				CODE_SIGN_STYLE = Automatic;
				CURRENT_PROJECT_VERSION = 1;
				DEVELOPMENT_TEAM = H668GR94H6;
				ENABLE_PREVIEWS = YES;
				GENERATE_INFOPLIST_FILE = YES;
				INFOPLIST_KEY_UIApplicationSceneManifest_Generation = YES;
				INFOPLIST_KEY_UIApplicationSupportsIndirectInputEvents = YES;
				INFOPLIST_KEY_UILaunchScreen_Generation = YES;
				INFOPLIST_KEY_UISupportedInterfaceOrientations_iPad = "UIInterfaceOrientationPortrait UIInterfaceOrientationPortraitUpsideDown UIInterfaceOrientationLandscapeLeft UIInterfaceOrientationLandscapeRight";
				INFOPLIST_KEY_UISupportedInterfaceOrientations_iPhone = "UIInterfaceOrientationPortrait UIInterfaceOrientationLandscapeLeft UIInterfaceOrientationLandscapeRight";
				IPHONEOS_DEPLOYMENT_TARGET = 15.4;
				LD_RUNPATH_SEARCH_PATHS = (
					"$(inherited)",
					"@executable_path/Frameworks",
				);
				MARKETING_VERSION = 1.0;
				PRODUCT_BUNDLE_IDENTIFIER = patri.Lucify;
				PRODUCT_NAME = Lucify;
				SDKROOT = iphoneos;
				SWIFT_EMIT_LOC_STRINGS = YES;
				SWIFT_VERSION = 5.0;
				TARGETED_DEVICE_FAMILY = "1,2";
				VALIDATE_PRODUCT = YES;
			};
			name = Release;
		};
		EF66673E2832A7BB008945EE /* Debug */ = {
			isa = XCBuildConfiguration;
			buildSettings = {
				ASSETCATALOG_COMPILER_APPICON_NAME = AppIcon;
				ASSETCATALOG_COMPILER_GLOBAL_ACCENT_COLOR_NAME = AccentColor;
				CODE_SIGN_ENTITLEMENTS = macOS/macOS.entitlements;
				CODE_SIGN_STYLE = Automatic;
				COMBINE_HIDPI_IMAGES = YES;
				CURRENT_PROJECT_VERSION = 1;
				DEVELOPMENT_TEAM = H668GR94H6;
				ENABLE_HARDENED_RUNTIME = YES;
				ENABLE_PREVIEWS = YES;
				GENERATE_INFOPLIST_FILE = YES;
				INFOPLIST_KEY_NSHumanReadableCopyright = "";
				LD_RUNPATH_SEARCH_PATHS = (
					"$(inherited)",
					"@executable_path/../Frameworks",
				);
				MACOSX_DEPLOYMENT_TARGET = 12.2;
				MARKETING_VERSION = 1.0;
				PRODUCT_BUNDLE_IDENTIFIER = patri.Lucify;
				PRODUCT_NAME = Lucify;
				SDKROOT = macosx;
				SWIFT_EMIT_LOC_STRINGS = YES;
				SWIFT_VERSION = 5.0;
			};
			name = Debug;
		};
		EF66673F2832A7BB008945EE /* Release */ = {
			isa = XCBuildConfiguration;
			buildSettings = {
				ASSETCATALOG_COMPILER_APPICON_NAME = AppIcon;
				ASSETCATALOG_COMPILER_GLOBAL_ACCENT_COLOR_NAME = AccentColor;
				CODE_SIGN_ENTITLEMENTS = macOS/macOS.entitlements;
				CODE_SIGN_STYLE = Automatic;
				COMBINE_HIDPI_IMAGES = YES;
				CURRENT_PROJECT_VERSION = 1;
				DEVELOPMENT_TEAM = H668GR94H6;
				ENABLE_HARDENED_RUNTIME = YES;
				ENABLE_PREVIEWS = YES;
				GENERATE_INFOPLIST_FILE = YES;
				INFOPLIST_KEY_NSHumanReadableCopyright = "";
				LD_RUNPATH_SEARCH_PATHS = (
					"$(inherited)",
					"@executable_path/../Frameworks",
				);
				MACOSX_DEPLOYMENT_TARGET = 12.2;
				MARKETING_VERSION = 1.0;
				PRODUCT_BUNDLE_IDENTIFIER = patri.Lucify;
				PRODUCT_NAME = Lucify;
				SDKROOT = macosx;
				SWIFT_EMIT_LOC_STRINGS = YES;
				SWIFT_VERSION = 5.0;
			};
			name = Release;
		};
/* End XCBuildConfiguration section */

/* Begin XCConfigurationList section */
		EF53BD052839355500BFA887 /* Build configuration list for PBXNativeTarget "LucifyTests" */ = {
			isa = XCConfigurationList;
			buildConfigurations = (
				EF53BD032839355500BFA887 /* Debug */,
				EF53BD042839355500BFA887 /* Release */,
			);
			defaultConfigurationIsVisible = 0;
			defaultConfigurationName = Release;
		};
		EF6667082832A7B9008945EE /* Build configuration list for PBXProject "Lucify" */ = {
			isa = XCConfigurationList;
			buildConfigurations = (
				EF6667382832A7BB008945EE /* Debug */,
				EF6667392832A7BB008945EE /* Release */,
			);
			defaultConfigurationIsVisible = 0;
			defaultConfigurationName = Release;
		};
		EF66673A2832A7BB008945EE /* Build configuration list for PBXNativeTarget "Lucify (iOS)" */ = {
			isa = XCConfigurationList;
			buildConfigurations = (
				EF66673B2832A7BB008945EE /* Debug */,
				EF66673C2832A7BB008945EE /* Release */,
			);
			defaultConfigurationIsVisible = 0;
			defaultConfigurationName = Release;
		};
		EF66673D2832A7BB008945EE /* Build configuration list for PBXNativeTarget "Lucify (macOS)" */ = {
			isa = XCConfigurationList;
			buildConfigurations = (
				EF66673E2832A7BB008945EE /* Debug */,
				EF66673F2832A7BB008945EE /* Release */,
			);
			defaultConfigurationIsVisible = 0;
			defaultConfigurationName = Release;
		};
/* End XCConfigurationList section */
	};
	rootObject = EF6667052832A7B9008945EE /* Project object */;
}
